
Microsoft Visual Studio Solution File, Format Version 12.00
# Visual Studio Version 17
VisualStudioVersion = 17.8.34408.163
MinimumVisualStudioVersion = 10.0.40219.1
Project("{9A19103F-16F7-4668-BE54-9A1E7A4F7556}") = "SPT.Core", "SPT.Core\SPT.Core.csproj", "{E936AEDD-D39C-4808-9C5F-864EBCD67045}"
EndProject
Project("{FAE04EC0-301F-11D3-BF4B-00C04F79EFBC}") = "SPT.GUI", "SPT.GUI\SPT.GUI.csproj", "{4FEF57FC-3CFE-4BEC-AA35-0F0874F4EC2D}"
EndProject
Project("{9A19103F-16F7-4668-BE54-9A1E7A4F7556}") = "SPT.CLI", "SPT.CLI\SPT.CLI.csproj", "{C2F95A29-96BE-4701-96AE-D5ED7B2B1852}"
EndProject
Global
	GlobalSection(SolutionConfigurationPlatforms) = preSolution
		Debug|Any CPU = Debug|Any CPU
		Debug|ARM64 = Debug|ARM64
		Debug|x64 = Debug|x64
		Debug|x86 = Debug|x86
		Release|Any CPU = Release|Any CPU
		Release|ARM64 = Release|ARM64
		Release|x64 = Release|x64
		Release|x86 = Release|x86
	EndGlobalSection
	GlobalSection(ProjectConfigurationPlatforms) = postSolution
		{E936AEDD-D39C-4808-9C5F-864EBCD67045}.Debug|Any CPU.ActiveCfg = Debug|Any CPU
		{E936AEDD-D39C-4808-9C5F-864EBCD67045}.Debug|Any CPU.Build.0 = Debug|Any CPU
		{E936AEDD-D39C-4808-9C5F-864EBCD67045}.Debug|ARM64.ActiveCfg = Debug|Any CPU
		{E936AEDD-D39C-4808-9C5F-864EBCD67045}.Debug|ARM64.Build.0 = Debug|Any CPU
		{E936AEDD-D39C-4808-9C5F-864EBCD67045}.Debug|x64.ActiveCfg = Debug|Any CPU
		{E936AEDD-D39C-4808-9C5F-864EBCD67045}.Debug|x64.Build.0 = Debug|Any CPU
		{E936AEDD-D39C-4808-9C5F-864EBCD67045}.Debug|x86.ActiveCfg = Debug|Any CPU
		{E936AEDD-D39C-4808-9C5F-864EBCD67045}.Debug|x86.Build.0 = Debug|Any CPU
		{E936AEDD-D39C-4808-9C5F-864EBCD67045}.Release|Any CPU.ActiveCfg = Release|Any CPU
		{E936AEDD-D39C-4808-9C5F-864EBCD67045}.Release|Any CPU.Build.0 = Release|Any CPU
		{E936AEDD-D39C-4808-9C5F-864EBCD67045}.Release|ARM64.ActiveCfg = Release|Any CPU
		{E936AEDD-D39C-4808-9C5F-864EBCD67045}.Release|ARM64.Build.0 = Release|Any CPU
		{E936AEDD-D39C-4808-9C5F-864EBCD67045}.Release|x64.ActiveCfg = Release|Any CPU
		{E936AEDD-D39C-4808-9C5F-864EBCD67045}.Release|x64.Build.0 = Release|Any CPU
		{E936AEDD-D39C-4808-9C5F-864EBCD67045}.Release|x86.ActiveCfg = Release|Any CPU
		{E936AEDD-D39C-4808-9C5F-864EBCD67045}.Release|x86.Build.0 = Release|Any CPU
		{4FEF57FC-3CFE-4BEC-AA35-0F0874F4EC2D}.Debug|Any CPU.ActiveCfg = Debug|Any CPU
		{4FEF57FC-3CFE-4BEC-AA35-0F0874F4EC2D}.Debug|Any CPU.Build.0 = Debug|Any CPU
		{4FEF57FC-3CFE-4BEC-AA35-0F0874F4EC2D}.Debug|ARM64.ActiveCfg = Debug|Any CPU
		{4FEF57FC-3CFE-4BEC-AA35-0F0874F4EC2D}.Debug|ARM64.Build.0 = Debug|Any CPU
		{4FEF57FC-3CFE-4BEC-AA35-0F0874F4EC2D}.Debug|x64.ActiveCfg = Debug|Any CPU
		{4FEF57FC-3CFE-4BEC-AA35-0F0874F4EC2D}.Debug|x64.Build.0 = Debug|Any CPU
		{4FEF57FC-3CFE-4BEC-AA35-0F0874F4EC2D}.Debug|x86.ActiveCfg = Debug|Any CPU
		{4FEF57FC-3CFE-4BEC-AA35-0F0874F4EC2D}.Debug|x86.Build.0 = Debug|Any CPU
		{4FEF57FC-3CFE-4BEC-AA35-0F0874F4EC2D}.Release|Any CPU.ActiveCfg = Release|Any CPU
		{4FEF57FC-3CFE-4BEC-AA35-0F0874F4EC2D}.Release|Any CPU.Build.0 = Release|Any CPU
		{4FEF57FC-3CFE-4BEC-AA35-0F0874F4EC2D}.Release|ARM64.ActiveCfg = Release|Any CPU
		{4FEF57FC-3CFE-4BEC-AA35-0F0874F4EC2D}.Release|ARM64.Build.0 = Release|Any CPU
		{4FEF57FC-3CFE-4BEC-AA35-0F0874F4EC2D}.Release|x64.ActiveCfg = Release|Any CPU
		{4FEF57FC-3CFE-4BEC-AA35-0F0874F4EC2D}.Release|x64.Build.0 = Release|Any CPU
		{4FEF57FC-3CFE-4BEC-AA35-0F0874F4EC2D}.Release|x86.ActiveCfg = Release|Any CPU
		{4FEF57FC-3CFE-4BEC-AA35-0F0874F4EC2D}.Release|x86.Build.0 = Release|Any CPU
		{C2F95A29-96BE-4701-96AE-D5ED7B2B1852}.Debug|Any CPU.ActiveCfg = Debug|Any CPU
		{C2F95A29-96BE-4701-96AE-D5ED7B2B1852}.Debug|Any CPU.Build.0 = Debug|Any CPU
		{C2F95A29-96BE-4701-96AE-D5ED7B2B1852}.Debug|ARM64.ActiveCfg = Debug|Any CPU
		{C2F95A29-96BE-4701-96AE-D5ED7B2B1852}.Debug|ARM64.Build.0 = Debug|Any CPU
		{C2F95A29-96BE-4701-96AE-D5ED7B2B1852}.Debug|x64.ActiveCfg = Debug|Any CPU
		{C2F95A29-96BE-4701-96AE-D5ED7B2B1852}.Debug|x64.Build.0 = Debug|Any CPU
		{C2F95A29-96BE-4701-96AE-D5ED7B2B1852}.Debug|x86.ActiveCfg = Debug|Any CPU
		{C2F95A29-96BE-4701-96AE-D5ED7B2B1852}.Debug|x86.Build.0 = Debug|Any CPU
		{C2F95A29-96BE-4701-96AE-D5ED7B2B1852}.Release|Any CPU.ActiveCfg = Release|Any CPU
		{C2F95A29-96BE-4701-96AE-D5ED7B2B1852}.Release|Any CPU.Build.0 = Release|Any CPU
		{C2F95A29-96BE-4701-96AE-D5ED7B2B1852}.Release|ARM64.ActiveCfg = Release|Any CPU
		{C2F95A29-96BE-4701-96AE-D5ED7B2B1852}.Release|ARM64.Build.0 = Release|Any CPU
		{C2F95A29-96BE-4701-96AE-D5ED7B2B1852}.Release|x64.ActiveCfg = Release|Any CPU
		{C2F95A29-96BE-4701-96AE-D5ED7B2B1852}.Release|x64.Build.0 = Release|Any CPU
		{C2F95A29-96BE-4701-96AE-D5ED7B2B1852}.Release|x86.ActiveCfg = Release|Any CPU
		{C2F95A29-96BE-4701-96AE-D5ED7B2B1852}.Release|x86.Build.0 = Release|Any CPU
	EndGlobalSection
	GlobalSection(SolutionProperties) = preSolution
		HideSolutionNode = FALSE
	EndGlobalSection
	GlobalSection(ExtensibilityGlobals) = postSolution
		SolutionGuid = {E40A487C-DDF6-47DA-B051-DAA00386C2FB}
	EndGlobalSection
EndGlobal
