
Microsoft Visual Studio Solution File, Format Version 12.00
# Visual Studio Version 17
VisualStudioVersion = 17.0.31903.59
MinimumVisualStudioVersion = 10.0.40219.1
Project("{9A19103F-16F7-4668-BE54-9A1E7A4F7556}") = "SPT.CLI.Windows", "SPT.CLI\SPT.CLI.Windows.csproj", "{6A81EFCD-59A0-4A5D-B6E7-A141771EE895}"
EndProject
Project("{9A19103F-16F7-4668-BE54-9A1E7A4F7556}") = "SPT.Core.Windows", "SPT.Core\SPT.Core.Windows.csproj", "{473C8D74-2AEF-47FA-A60E-192516889827}"
EndProject
Global
	GlobalSection(SolutionConfigurationPlatforms) = preSolution
		Debug|Any CPU = Debug|Any CPU
		Release|Any CPU = Release|Any CPU
	EndGlobalSection
	GlobalSection(ProjectConfigurationPlatforms) = postSolution
		{6A81EFCD-59A0-4A5D-B6E7-A141771EE895}.Debug|Any CPU.ActiveCfg = Debug|Any CPU
		{6A81EFCD-59A0-4A5D-B6E7-A141771EE895}.Debug|Any CPU.Build.0 = Debug|Any CPU
		{6A81EFCD-59A0-4A5D-B6E7-A141771EE895}.Release|Any CPU.ActiveCfg = Release|Any CPU
		{6A81EFCD-59A0-4A5D-B6E7-A141771EE895}.Release|Any CPU.Build.0 = Release|Any CPU
		{473C8D74-2AEF-47FA-A60E-192516889827}.Debug|Any CPU.ActiveCfg = Debug|Any CPU
		{473C8D74-2AEF-47FA-A60E-192516889827}.Debug|Any CPU.Build.0 = Debug|Any CPU
		{473C8D74-2AEF-47FA-A60E-192516889827}.Release|Any CPU.ActiveCfg = Release|Any CPU
		{473C8D74-2AEF-47FA-A60E-192516889827}.Release|Any CPU.Build.0 = Release|Any CPU
	EndGlobalSection
	GlobalSection(SolutionProperties) = preSolution
		HideSolutionNode = FALSE
	EndGlobalSection
	GlobalSection(ExtensibilityGlobals) = postSolution
		SolutionGuid = {CB3C6B62-AAA5-43C6-86A2-214E02E06E37}
	EndGlobalSection
EndGlobal
