
Microsoft Visual Studio Solution File, Format Version 12.00
# Visual Studio Version 17
VisualStudioVersion = 17.0.31903.59
MinimumVisualStudioVersion = 10.0.40219.1
Project("{9A19103F-16F7-4668-BE54-9A1E7A4F7556}") = "SPT.CLI.OSX", "SPT.CLI\SPT.CLI.OSX.csproj", "{DB37F6E3-5DF8-4863-AFFB-E690F6D5234A}"
EndProject
Project("{9A19103F-16F7-4668-BE54-9A1E7A4F7556}") = "SPT.Core.OSX", "SPT.Core\SPT.Core.OSX.csproj", "{24A8DEBA-757D-41D1-B039-2682916B076A}"
EndProject
Global
	GlobalSection(SolutionConfigurationPlatforms) = preSolution
		Debug|Any CPU = Debug|Any CPU
		Release|Any CPU = Release|Any CPU
	EndGlobalSection
	GlobalSection(ProjectConfigurationPlatforms) = postSolution
		{DB37F6E3-5DF8-4863-AFFB-E690F6D5234A}.Debug|Any CPU.ActiveCfg = Debug|Any CPU
		{DB37F6E3-5DF8-4863-AFFB-E690F6D5234A}.Debug|Any CPU.Build.0 = Debug|Any CPU
		{DB37F6E3-5DF8-4863-AFFB-E690F6D5234A}.Release|Any CPU.ActiveCfg = Release|Any CPU
		{DB37F6E3-5DF8-4863-AFFB-E690F6D5234A}.Release|Any CPU.Build.0 = Release|Any CPU
		{24A8DEBA-757D-41D1-B039-2682916B076A}.Debug|Any CPU.ActiveCfg = Debug|Any CPU
		{24A8DEBA-757D-41D1-B039-2682916B076A}.Debug|Any CPU.Build.0 = Debug|Any CPU
		{24A8DEBA-757D-41D1-B039-2682916B076A}.Release|Any CPU.ActiveCfg = Release|Any CPU
		{24A8DEBA-757D-41D1-B039-2682916B076A}.Release|Any CPU.Build.0 = Release|Any CPU
	EndGlobalSection
	GlobalSection(SolutionProperties) = preSolution
		HideSolutionNode = FALSE
	EndGlobalSection
EndGlobal
